// !$*UTF8*$!
{
	archiveVersion = 1;
	classes = {
	};
	objectVersion = 55;
	objects = {

/* Begin PBXBuildFile section */
		AD0482FE272ADA2200C5CFB9 /* CoffeeMachine.swift in Sources */ = {isa = PBXBuildFile; fileRef = AD0482FD272ADA2200C5CFB9 /* CoffeeMachine.swift */; };
		AD1EBFA8271F055D00558B4B /* OverviewView.swift in Sources */ = {isa = PBXBuildFile; fileRef = AD1EBFA7271F055D00558B4B /* OverviewView.swift */; };
		AD1EBFAA271F1B6B00558B4B /* CoffeeOverviewView.swift in Sources */ = {isa = PBXBuildFile; fileRef = AD1EBFA9271F1B6B00558B4B /* CoffeeOverviewView.swift */; };
		AD1EBFAC271F1DCF00558B4B /* SizeOverviewView.swift in Sources */ = {isa = PBXBuildFile; fileRef = AD1EBFAB271F1DCF00558B4B /* SizeOverviewView.swift */; };
		AD1EBFAE271F278100558B4B /* SugarOverviewView.swift in Sources */ = {isa = PBXBuildFile; fileRef = AD1EBFAD271F278100558B4B /* SugarOverviewView.swift */; };
		AD1EBFB0271F2C4E00558B4B /* MilkOverviewView.swift in Sources */ = {isa = PBXBuildFile; fileRef = AD1EBFAF271F2C4E00558B4B /* MilkOverviewView.swift */; };
		AD1EBFB2271F2D5F00558B4B /* RadioButtonView.swift in Sources */ = {isa = PBXBuildFile; fileRef = AD1EBFB1271F2D5F00558B4B /* RadioButtonView.swift */; };
		AD8ACE58272B3D2D00DF18B3 /* WidgetKit.framework in Frameworks */ = {isa = PBXBuildFile; fileRef = AD8ACE57272B3D2D00DF18B3 /* WidgetKit.framework */; };
		AD8ACE5A272B3D2D00DF18B3 /* SwiftUI.framework in Frameworks */ = {isa = PBXBuildFile; fileRef = AD8ACE59272B3D2D00DF18B3 /* SwiftUI.framework */; };
		AD8ACE5D272B3D2D00DF18B3 /* MyOrder.swift in Sources */ = {isa = PBXBuildFile; fileRef = AD8ACE5C272B3D2D00DF18B3 /* MyOrder.swift */; };
		AD8ACE60272B3D3400DF18B3 /* Assets.xcassets in Resources */ = {isa = PBXBuildFile; fileRef = AD8ACE5F272B3D3400DF18B3 /* Assets.xcassets */; };
		AD8ACE62272B3D3400DF18B3 /* MyOrder.intentdefinition in Sources */ = {isa = PBXBuildFile; fileRef = AD8ACE5E272B3D2D00DF18B3 /* MyOrder.intentdefinition */; };
		AD8ACE63272B3D3400DF18B3 /* MyOrder.intentdefinition in Sources */ = {isa = PBXBuildFile; fileRef = AD8ACE5E272B3D2D00DF18B3 /* MyOrder.intentdefinition */; };
		AD8ACE66272B3D3400DF18B3 /* MyOrderExtension.appex in Embed App Extensions */ = {isa = PBXBuildFile; fileRef = AD8ACE55272B3D2D00DF18B3 /* MyOrderExtension.appex */; settings = {ATTRIBUTES = (RemoveHeadersOnCopy, ); }; };
		AD8ACE6E272B3E9500DF18B3 /* Order.swift in Sources */ = {isa = PBXBuildFile; fileRef = AD8ACE6D272B3E9500DF18B3 /* Order.swift */; };
		AD8ACE6F272B3EA800DF18B3 /* Order.swift in Sources */ = {isa = PBXBuildFile; fileRef = AD8ACE6D272B3E9500DF18B3 /* Order.swift */; };
		AD8ACE73272B4A2100DF18B3 /* Assets.xcassets in Resources */ = {isa = PBXBuildFile; fileRef = C0E74AAE271DCC52005CB0DC /* Assets.xcassets */; };
		ADF7D0E2271E220500DE1A58 /* CoffeesView.swift in Sources */ = {isa = PBXBuildFile; fileRef = ADF7D0E1271E220500DE1A58 /* CoffeesView.swift */; };
		ADF7D0E4271E225800DE1A58 /* SizesView.swift in Sources */ = {isa = PBXBuildFile; fileRef = ADF7D0E3271E225800DE1A58 /* SizesView.swift */; };
		ADF7D0E6271E22A000DE1A58 /* HomeView.swift in Sources */ = {isa = PBXBuildFile; fileRef = ADF7D0E5271E22A000DE1A58 /* HomeView.swift */; };
		ADF7D0E8271E22C600DE1A58 /* CoffeeView.swift in Sources */ = {isa = PBXBuildFile; fileRef = ADF7D0E7271E22C600DE1A58 /* CoffeeView.swift */; };
		ADF7D0EA271E230C00DE1A58 /* SizeView.swift in Sources */ = {isa = PBXBuildFile; fileRef = ADF7D0E9271E230C00DE1A58 /* SizeView.swift */; };
		ADF7D0EC271E253300DE1A58 /* ExtrasView.swift in Sources */ = {isa = PBXBuildFile; fileRef = ADF7D0EB271E253300DE1A58 /* ExtrasView.swift */; };
		ADF7D0EE271E262200DE1A58 /* ExtraView.swift in Sources */ = {isa = PBXBuildFile; fileRef = ADF7D0ED271E262200DE1A58 /* ExtraView.swift */; };
		C0E74AAB271DCC4E005CB0DC /* CoffeeBrewAssessmentSwiftUiApp.swift in Sources */ = {isa = PBXBuildFile; fileRef = C0E74AAA271DCC4E005CB0DC /* CoffeeBrewAssessmentSwiftUiApp.swift */; };
		C0E74AAD271DCC4E005CB0DC /* ContentView.swift in Sources */ = {isa = PBXBuildFile; fileRef = C0E74AAC271DCC4E005CB0DC /* ContentView.swift */; };
		C0E74AAF271DCC52005CB0DC /* Assets.xcassets in Resources */ = {isa = PBXBuildFile; fileRef = C0E74AAE271DCC52005CB0DC /* Assets.xcassets */; };
		C0E74AB2271DCC52005CB0DC /* Preview Assets.xcassets in Resources */ = {isa = PBXBuildFile; fileRef = C0E74AB1271DCC52005CB0DC /* Preview Assets.xcassets */; };
/* End PBXBuildFile section */

/* Begin PBXContainerItemProxy section */
		AD8ACE64272B3D3400DF18B3 /* PBXContainerItemProxy */ = {
			isa = PBXContainerItemProxy;
			containerPortal = C0E74A9F271DCC4E005CB0DC /* Project object */;
			proxyType = 1;
			remoteGlobalIDString = AD8ACE54272B3D2D00DF18B3;
			remoteInfo = MyOrderExtension;
		};
/* End PBXContainerItemProxy section */

/* Begin PBXCopyFilesBuildPhase section */
		AD8ACE6A272B3D3400DF18B3 /* Embed App Extensions */ = {
			isa = PBXCopyFilesBuildPhase;
			buildActionMask = 2147483647;
			dstPath = "";
			dstSubfolderSpec = 13;
			files = (
				AD8ACE66272B3D3400DF18B3 /* MyOrderExtension.appex in Embed App Extensions */,
			);
			name = "Embed App Extensions";
			runOnlyForDeploymentPostprocessing = 0;
		};
/* End PBXCopyFilesBuildPhase section */

/* Begin PBXFileReference section */
		AD0482FD272ADA2200C5CFB9 /* CoffeeMachine.swift */ = {isa = PBXFileReference; lastKnownFileType = sourcecode.swift; path = CoffeeMachine.swift; sourceTree = "<group>"; };
		AD1EBFA7271F055D00558B4B /* OverviewView.swift */ = {isa = PBXFileReference; lastKnownFileType = sourcecode.swift; path = OverviewView.swift; sourceTree = "<group>"; };
		AD1EBFA9271F1B6B00558B4B /* CoffeeOverviewView.swift */ = {isa = PBXFileReference; lastKnownFileType = sourcecode.swift; path = CoffeeOverviewView.swift; sourceTree = "<group>"; };
		AD1EBFAB271F1DCF00558B4B /* SizeOverviewView.swift */ = {isa = PBXFileReference; lastKnownFileType = sourcecode.swift; path = SizeOverviewView.swift; sourceTree = "<group>"; };
		AD1EBFAD271F278100558B4B /* SugarOverviewView.swift */ = {isa = PBXFileReference; lastKnownFileType = sourcecode.swift; path = SugarOverviewView.swift; sourceTree = "<group>"; };
		AD1EBFAF271F2C4E00558B4B /* MilkOverviewView.swift */ = {isa = PBXFileReference; lastKnownFileType = sourcecode.swift; path = MilkOverviewView.swift; sourceTree = "<group>"; };
		AD1EBFB1271F2D5F00558B4B /* RadioButtonView.swift */ = {isa = PBXFileReference; lastKnownFileType = sourcecode.swift; path = RadioButtonView.swift; sourceTree = "<group>"; };
		AD8ACE50272B3B5100DF18B3 /* CoffeeBrewAssessmentSwiftUi.entitlements */ = {isa = PBXFileReference; lastKnownFileType = text.plist.entitlements; path = CoffeeBrewAssessmentSwiftUi.entitlements; sourceTree = "<group>"; };
		AD8ACE55272B3D2D00DF18B3 /* MyOrderExtension.appex */ = {isa = PBXFileReference; explicitFileType = "wrapper.app-extension"; includeInIndex = 0; path = MyOrderExtension.appex; sourceTree = BUILT_PRODUCTS_DIR; };
		AD8ACE57272B3D2D00DF18B3 /* WidgetKit.framework */ = {isa = PBXFileReference; lastKnownFileType = wrapper.framework; name = WidgetKit.framework; path = System/Library/Frameworks/WidgetKit.framework; sourceTree = SDKROOT; };
		AD8ACE59272B3D2D00DF18B3 /* SwiftUI.framework */ = {isa = PBXFileReference; lastKnownFileType = wrapper.framework; name = SwiftUI.framework; path = System/Library/Frameworks/SwiftUI.framework; sourceTree = SDKROOT; };
		AD8ACE5C272B3D2D00DF18B3 /* MyOrder.swift */ = {isa = PBXFileReference; lastKnownFileType = sourcecode.swift; path = MyOrder.swift; sourceTree = "<group>"; };
		AD8ACE5E272B3D2D00DF18B3 /* MyOrder.intentdefinition */ = {isa = PBXFileReference; lastKnownFileType = file.intentdefinition; path = MyOrder.intentdefinition; sourceTree = "<group>"; };
		AD8ACE5F272B3D3400DF18B3 /* Assets.xcassets */ = {isa = PBXFileReference; lastKnownFileType = folder.assetcatalog; path = Assets.xcassets; sourceTree = "<group>"; };
		AD8ACE61272B3D3400DF18B3 /* Info.plist */ = {isa = PBXFileReference; lastKnownFileType = text.plist.xml; path = Info.plist; sourceTree = "<group>"; };
		AD8ACE6D272B3E9500DF18B3 /* Order.swift */ = {isa = PBXFileReference; lastKnownFileType = sourcecode.swift; path = Order.swift; sourceTree = "<group>"; };
		AD8ACE70272B3FB800DF18B3 /* MyOrderExtension.entitlements */ = {isa = PBXFileReference; lastKnownFileType = text.plist.entitlements; path = MyOrderExtension.entitlements; sourceTree = "<group>"; };
		ADF7D0E1271E220500DE1A58 /* CoffeesView.swift */ = {isa = PBXFileReference; lastKnownFileType = sourcecode.swift; path = CoffeesView.swift; sourceTree = "<group>"; };
		ADF7D0E3271E225800DE1A58 /* SizesView.swift */ = {isa = PBXFileReference; lastKnownFileType = sourcecode.swift; path = SizesView.swift; sourceTree = "<group>"; };
		ADF7D0E5271E22A000DE1A58 /* HomeView.swift */ = {isa = PBXFileReference; lastKnownFileType = sourcecode.swift; path = HomeView.swift; sourceTree = "<group>"; };
		ADF7D0E7271E22C600DE1A58 /* CoffeeView.swift */ = {isa = PBXFileReference; lastKnownFileType = sourcecode.swift; path = CoffeeView.swift; sourceTree = "<group>"; };
		ADF7D0E9271E230C00DE1A58 /* SizeView.swift */ = {isa = PBXFileReference; lastKnownFileType = sourcecode.swift; path = SizeView.swift; sourceTree = "<group>"; };
		ADF7D0EB271E253300DE1A58 /* ExtrasView.swift */ = {isa = PBXFileReference; lastKnownFileType = sourcecode.swift; path = ExtrasView.swift; sourceTree = "<group>"; };
		ADF7D0ED271E262200DE1A58 /* ExtraView.swift */ = {isa = PBXFileReference; lastKnownFileType = sourcecode.swift; path = ExtraView.swift; sourceTree = "<group>"; };
		C0E74AA7271DCC4E005CB0DC /* CoffeeBrewAssessmentSwiftUi.app */ = {isa = PBXFileReference; explicitFileType = wrapper.application; includeInIndex = 0; path = CoffeeBrewAssessmentSwiftUi.app; sourceTree = BUILT_PRODUCTS_DIR; };
		C0E74AAA271DCC4E005CB0DC /* CoffeeBrewAssessmentSwiftUiApp.swift */ = {isa = PBXFileReference; lastKnownFileType = sourcecode.swift; path = CoffeeBrewAssessmentSwiftUiApp.swift; sourceTree = "<group>"; };
		C0E74AAC271DCC4E005CB0DC /* ContentView.swift */ = {isa = PBXFileReference; lastKnownFileType = sourcecode.swift; path = ContentView.swift; sourceTree = "<group>"; };
		C0E74AAE271DCC52005CB0DC /* Assets.xcassets */ = {isa = PBXFileReference; lastKnownFileType = folder.assetcatalog; path = Assets.xcassets; sourceTree = "<group>"; };
		C0E74AB1271DCC52005CB0DC /* Preview Assets.xcassets */ = {isa = PBXFileReference; lastKnownFileType = folder.assetcatalog; path = "Preview Assets.xcassets"; sourceTree = "<group>"; };
/* End PBXFileReference section */

/* Begin PBXFrameworksBuildPhase section */
		AD8ACE52272B3D2D00DF18B3 /* Frameworks */ = {
			isa = PBXFrameworksBuildPhase;
			buildActionMask = 2147483647;
			files = (
				AD8ACE5A272B3D2D00DF18B3 /* SwiftUI.framework in Frameworks */,
				AD8ACE58272B3D2D00DF18B3 /* WidgetKit.framework in Frameworks */,
			);
			runOnlyForDeploymentPostprocessing = 0;
		};
		C0E74AA4271DCC4E005CB0DC /* Frameworks */ = {
			isa = PBXFrameworksBuildPhase;
			buildActionMask = 2147483647;
			files = (
			);
			runOnlyForDeploymentPostprocessing = 0;
		};
/* End PBXFrameworksBuildPhase section */

/* Begin PBXGroup section */
		AD0482FF272ADA3600C5CFB9 /* Classes */ = {
			isa = PBXGroup;
			children = (
				AD0482FD272ADA2200C5CFB9 /* CoffeeMachine.swift */,
			);
			path = Classes;
			sourceTree = "<group>";
		};
		AD8ACE56272B3D2D00DF18B3 /* Frameworks */ = {
			isa = PBXGroup;
			children = (
				AD8ACE57272B3D2D00DF18B3 /* WidgetKit.framework */,
				AD8ACE59272B3D2D00DF18B3 /* SwiftUI.framework */,
			);
			name = Frameworks;
			sourceTree = "<group>";
		};
		AD8ACE5B272B3D2D00DF18B3 /* MyOrder */ = {
			isa = PBXGroup;
			children = (
				AD8ACE5C272B3D2D00DF18B3 /* MyOrder.swift */,
				AD8ACE5E272B3D2D00DF18B3 /* MyOrder.intentdefinition */,
				AD8ACE5F272B3D3400DF18B3 /* Assets.xcassets */,
				AD8ACE61272B3D3400DF18B3 /* Info.plist */,
			);
			path = MyOrder;
			sourceTree = "<group>";
		};
		C0E74A9E271DCC4E005CB0DC = {
			isa = PBXGroup;
			children = (
				AD8ACE70272B3FB800DF18B3 /* MyOrderExtension.entitlements */,
				AD0482FF272ADA3600C5CFB9 /* Classes */,
				C0E74AA9271DCC4E005CB0DC /* CoffeeBrewAssessmentSwiftUi */,
				AD8ACE5B272B3D2D00DF18B3 /* MyOrder */,
				AD8ACE56272B3D2D00DF18B3 /* Frameworks */,
				C0E74AA8271DCC4E005CB0DC /* Products */,
			);
			sourceTree = "<group>";
		};
		C0E74AA8271DCC4E005CB0DC /* Products */ = {
			isa = PBXGroup;
			children = (
				C0E74AA7271DCC4E005CB0DC /* CoffeeBrewAssessmentSwiftUi.app */,
				AD8ACE55272B3D2D00DF18B3 /* MyOrderExtension.appex */,
			);
			name = Products;
			sourceTree = "<group>";
		};
		C0E74AA9271DCC4E005CB0DC /* CoffeeBrewAssessmentSwiftUi */ = {
			isa = PBXGroup;
			children = (
				AD8ACE50272B3B5100DF18B3 /* CoffeeBrewAssessmentSwiftUi.entitlements */,
				AD1EBFA9271F1B6B00558B4B /* CoffeeOverviewView.swift */,
				AD1EBFAB271F1DCF00558B4B /* SizeOverviewView.swift */,
				C0E74AAA271DCC4E005CB0DC /* CoffeeBrewAssessmentSwiftUiApp.swift */,
				C0E74AAC271DCC4E005CB0DC /* ContentView.swift */,
				ADF7D0E9271E230C00DE1A58 /* SizeView.swift */,
				ADF7D0ED271E262200DE1A58 /* ExtraView.swift */,
				AD1EBFB1271F2D5F00558B4B /* RadioButtonView.swift */,
				AD1EBFAD271F278100558B4B /* SugarOverviewView.swift */,
				AD1EBFAF271F2C4E00558B4B /* MilkOverviewView.swift */,
				ADF7D0E7271E22C600DE1A58 /* CoffeeView.swift */,
				AD1EBFA7271F055D00558B4B /* OverviewView.swift */,
				ADF7D0E5271E22A000DE1A58 /* HomeView.swift */,
				ADF7D0E3271E225800DE1A58 /* SizesView.swift */,
				ADF7D0EB271E253300DE1A58 /* ExtrasView.swift */,
				ADF7D0E1271E220500DE1A58 /* CoffeesView.swift */,
				C0E74AAE271DCC52005CB0DC /* Assets.xcassets */,
				C0E74AB0271DCC52005CB0DC /* Preview Content */,
				AD8ACE6D272B3E9500DF18B3 /* Order.swift */,
			);
			path = CoffeeBrewAssessmentSwiftUi;
			sourceTree = "<group>";
		};
		C0E74AB0271DCC52005CB0DC /* Preview Content */ = {
			isa = PBXGroup;
			children = (
				C0E74AB1271DCC52005CB0DC /* Preview Assets.xcassets */,
			);
			path = "Preview Content";
			sourceTree = "<group>";
		};
/* End PBXGroup section */

/* Begin PBXNativeTarget section */
		AD8ACE54272B3D2D00DF18B3 /* MyOrderExtension */ = {
			isa = PBXNativeTarget;
			buildConfigurationList = AD8ACE67272B3D3400DF18B3 /* Build configuration list for PBXNativeTarget "MyOrderExtension" */;
			buildPhases = (
				AD8ACE51272B3D2D00DF18B3 /* Sources */,
				AD8ACE52272B3D2D00DF18B3 /* Frameworks */,
				AD8ACE53272B3D2D00DF18B3 /* Resources */,
			);
			buildRules = (
			);
			dependencies = (
			);
			name = MyOrderExtension;
			productName = MyOrderExtension;
			productReference = AD8ACE55272B3D2D00DF18B3 /* MyOrderExtension.appex */;
			productType = "com.apple.product-type.app-extension";
		};
		C0E74AA6271DCC4E005CB0DC /* CoffeeBrewAssessmentSwiftUi */ = {
			isa = PBXNativeTarget;
			buildConfigurationList = C0E74AB5271DCC52005CB0DC /* Build configuration list for PBXNativeTarget "CoffeeBrewAssessmentSwiftUi" */;
			buildPhases = (
				C0E74AA3271DCC4E005CB0DC /* Sources */,
				C0E74AA4271DCC4E005CB0DC /* Frameworks */,
				C0E74AA5271DCC4E005CB0DC /* Resources */,
				AD8ACE6A272B3D3400DF18B3 /* Embed App Extensions */,
			);
			buildRules = (
			);
			dependencies = (
				AD8ACE65272B3D3400DF18B3 /* PBXTargetDependency */,
			);
			name = CoffeeBrewAssessmentSwiftUi;
			productName = CoffeeBrewAssessmentSwiftUi;
			productReference = C0E74AA7271DCC4E005CB0DC /* CoffeeBrewAssessmentSwiftUi.app */;
			productType = "com.apple.product-type.application";
		};
/* End PBXNativeTarget section */

/* Begin PBXProject section */
		C0E74A9F271DCC4E005CB0DC /* Project object */ = {
			isa = PBXProject;
			attributes = {
				BuildIndependentTargetsInParallel = 1;
				LastSwiftUpdateCheck = 1300;
				LastUpgradeCheck = 1300;
				TargetAttributes = {
					AD8ACE54272B3D2D00DF18B3 = {
						CreatedOnToolsVersion = 13.0;
					};
					C0E74AA6271DCC4E005CB0DC = {
						CreatedOnToolsVersion = 13.0;
					};
				};
			};
			buildConfigurationList = C0E74AA2271DCC4E005CB0DC /* Build configuration list for PBXProject "CoffeeBrewAssessmentSwiftUi" */;
			compatibilityVersion = "Xcode 13.0";
			developmentRegion = en;
			hasScannedForEncodings = 0;
			knownRegions = (
				en,
				Base,
			);
			mainGroup = C0E74A9E271DCC4E005CB0DC;
			productRefGroup = C0E74AA8271DCC4E005CB0DC /* Products */;
			projectDirPath = "";
			projectRoot = "";
			targets = (
				C0E74AA6271DCC4E005CB0DC /* CoffeeBrewAssessmentSwiftUi */,
				AD8ACE54272B3D2D00DF18B3 /* MyOrderExtension */,
			);
		};
/* End PBXProject section */

/* Begin PBXResourcesBuildPhase section */
		AD8ACE53272B3D2D00DF18B3 /* Resources */ = {
			isa = PBXResourcesBuildPhase;
			buildActionMask = 2147483647;
			files = (
				AD8ACE73272B4A2100DF18B3 /* Assets.xcassets in Resources */,
				AD8ACE60272B3D3400DF18B3 /* Assets.xcassets in Resources */,
			);
			runOnlyForDeploymentPostprocessing = 0;
		};
		C0E74AA5271DCC4E005CB0DC /* Resources */ = {
			isa = PBXResourcesBuildPhase;
			buildActionMask = 2147483647;
			files = (
				C0E74AB2271DCC52005CB0DC /* Preview Assets.xcassets in Resources */,
				C0E74AAF271DCC52005CB0DC /* Assets.xcassets in Resources */,
			);
			runOnlyForDeploymentPostprocessing = 0;
		};
/* End PBXResourcesBuildPhase section */

/* Begin PBXSourcesBuildPhase section */
		AD8ACE51272B3D2D00DF18B3 /* Sources */ = {
			isa = PBXSourcesBuildPhase;
			buildActionMask = 2147483647;
			files = (
				AD8ACE6F272B3EA800DF18B3 /* Order.swift in Sources */,
				AD8ACE5D272B3D2D00DF18B3 /* MyOrder.swift in Sources */,
				AD8ACE62272B3D3400DF18B3 /* MyOrder.intentdefinition in Sources */,
			);
			runOnlyForDeploymentPostprocessing = 0;
		};
		C0E74AA3271DCC4E005CB0DC /* Sources */ = {
			isa = PBXSourcesBuildPhase;
			buildActionMask = 2147483647;
			files = (
				AD8ACE63272B3D3400DF18B3 /* MyOrder.intentdefinition in Sources */,
				C0E74AAD271DCC4E005CB0DC /* ContentView.swift in Sources */,
				ADF7D0EE271E262200DE1A58 /* ExtraView.swift in Sources */,
				ADF7D0E2271E220500DE1A58 /* CoffeesView.swift in Sources */,
				AD1EBFA8271F055D00558B4B /* OverviewView.swift in Sources */,
				ADF7D0E8271E22C600DE1A58 /* CoffeeView.swift in Sources */,
				ADF7D0EA271E230C00DE1A58 /* SizeView.swift in Sources */,
				AD1EBFB0271F2C4E00558B4B /* MilkOverviewView.swift in Sources */,
				C0E74AAB271DCC4E005CB0DC /* CoffeeBrewAssessmentSwiftUiApp.swift in Sources */,
				ADF7D0EC271E253300DE1A58 /* ExtrasView.swift in Sources */,
				AD1EBFB2271F2D5F00558B4B /* RadioButtonView.swift in Sources */,
				ADF7D0E6271E22A000DE1A58 /* HomeView.swift in Sources */,
				AD8ACE6E272B3E9500DF18B3 /* Order.swift in Sources */,
				AD0482FE272ADA2200C5CFB9 /* CoffeeMachine.swift in Sources */,
				ADF7D0E4271E225800DE1A58 /* SizesView.swift in Sources */,
				AD1EBFAC271F1DCF00558B4B /* SizeOverviewView.swift in Sources */,
				AD1EBFAA271F1B6B00558B4B /* CoffeeOverviewView.swift in Sources */,
				AD1EBFAE271F278100558B4B /* SugarOverviewView.swift in Sources */,
			);
			runOnlyForDeploymentPostprocessing = 0;
		};
/* End PBXSourcesBuildPhase section */

/* Begin PBXTargetDependency section */
		AD8ACE65272B3D3400DF18B3 /* PBXTargetDependency */ = {
			isa = PBXTargetDependency;
			target = AD8ACE54272B3D2D00DF18B3 /* MyOrderExtension */;
			targetProxy = AD8ACE64272B3D3400DF18B3 /* PBXContainerItemProxy */;
		};
/* End PBXTargetDependency section */

/* Begin XCBuildConfiguration section */
		AD8ACE68272B3D3400DF18B3 /* Debug */ = {
			isa = XCBuildConfiguration;
			buildSettings = {
				ASSETCATALOG_COMPILER_GLOBAL_ACCENT_COLOR_NAME = AccentColor;
				ASSETCATALOG_COMPILER_WIDGET_BACKGROUND_COLOR_NAME = WidgetBackground;
				CODE_SIGN_ENTITLEMENTS = MyOrderExtension.entitlements;
				CODE_SIGN_STYLE = Automatic;
				CURRENT_PROJECT_VERSION = 1;
				DEVELOPMENT_TEAM = 3NASZH28DK;
				GENERATE_INFOPLIST_FILE = YES;
				INFOPLIST_FILE = MyOrder/Info.plist;
				INFOPLIST_KEY_CFBundleDisplayName = MyOrder;
				INFOPLIST_KEY_NSHumanReadableCopyright = "";
				LD_RUNPATH_SEARCH_PATHS = (
					"$(inherited)",
					"@executable_path/Frameworks",
					"@executable_path/../../Frameworks",
				);
				MARKETING_VERSION = 1.0;
				PRODUCT_BUNDLE_IDENTIFIER = clinton.CoffeeBrewAssessmentSwiftUi.MyOrder;
				PRODUCT_NAME = "$(TARGET_NAME)";
				SKIP_INSTALL = YES;
				SWIFT_EMIT_LOC_STRINGS = YES;
				SWIFT_VERSION = 5.0;
				TARGETED_DEVICE_FAMILY = "1,2";
			};
			name = Debug;
		};
		AD8ACE69272B3D3400DF18B3 /* Release */ = {
			isa = XCBuildConfiguration;
			buildSettings = {
				ASSETCATALOG_COMPILER_GLOBAL_ACCENT_COLOR_NAME = AccentColor;
				ASSETCATALOG_COMPILER_WIDGET_BACKGROUND_COLOR_NAME = WidgetBackground;
				CODE_SIGN_ENTITLEMENTS = MyOrderExtension.entitlements;
				CODE_SIGN_STYLE = Automatic;
				CURRENT_PROJECT_VERSION = 1;
				DEVELOPMENT_TEAM = 3NASZH28DK;
				GENERATE_INFOPLIST_FILE = YES;
				INFOPLIST_FILE = MyOrder/Info.plist;
				INFOPLIST_KEY_CFBundleDisplayName = MyOrder;
				INFOPLIST_KEY_NSHumanReadableCopyright = "";
				LD_RUNPATH_SEARCH_PATHS = (
					"$(inherited)",
					"@executable_path/Frameworks",
					"@executable_path/../../Frameworks",
				);
				MARKETING_VERSION = 1.0;
				PRODUCT_BUNDLE_IDENTIFIER = clinton.CoffeeBrewAssessmentSwiftUi.MyOrder;
				PRODUCT_NAME = "$(TARGET_NAME)";
				SKIP_INSTALL = YES;
				SWIFT_EMIT_LOC_STRINGS = YES;
				SWIFT_VERSION = 5.0;
				TARGETED_DEVICE_FAMILY = "1,2";
			};
			name = Release;
		};
		C0E74AB3271DCC52005CB0DC /* Debug */ = {
			isa = XCBuildConfiguration;
			buildSettings = {
				ALWAYS_SEARCH_USER_PATHS = NO;
				CLANG_ANALYZER_NONNULL = YES;
				CLANG_ANALYZER_NUMBER_OBJECT_CONVERSION = YES_AGGRESSIVE;
				CLANG_CXX_LANGUAGE_STANDARD = "gnu++17";
				CLANG_CXX_LIBRARY = "libc++";
				CLANG_ENABLE_MODULES = YES;
				CLANG_ENABLE_OBJC_ARC = YES;
				CLANG_ENABLE_OBJC_WEAK = YES;
				CLANG_WARN_BLOCK_CAPTURE_AUTORELEASING = YES;
				CLANG_WARN_BOOL_CONVERSION = YES;
				CLANG_WARN_COMMA = YES;
				CLANG_WARN_CONSTANT_CONVERSION = YES;
				CLANG_WARN_DEPRECATED_OBJC_IMPLEMENTATIONS = YES;
				CLANG_WARN_DIRECT_OBJC_ISA_USAGE = YES_ERROR;
				CLANG_WARN_DOCUMENTATION_COMMENTS = YES;
				CLANG_WARN_EMPTY_BODY = YES;
				CLANG_WARN_ENUM_CONVERSION = YES;
				CLANG_WARN_INFINITE_RECURSION = YES;
				CLANG_WARN_INT_CONVERSION = YES;
				CLANG_WARN_NON_LITERAL_NULL_CONVERSION = YES;
				CLANG_WARN_OBJC_IMPLICIT_RETAIN_SELF = YES;
				CLANG_WARN_OBJC_LITERAL_CONVERSION = YES;
				CLANG_WARN_OBJC_ROOT_CLASS = YES_ERROR;
				CLANG_WARN_QUOTED_INCLUDE_IN_FRAMEWORK_HEADER = YES;
				CLANG_WARN_RANGE_LOOP_ANALYSIS = YES;
				CLANG_WARN_STRICT_PROTOTYPES = YES;
				CLANG_WARN_SUSPICIOUS_MOVE = YES;
				CLANG_WARN_UNGUARDED_AVAILABILITY = YES_AGGRESSIVE;
				CLANG_WARN_UNREACHABLE_CODE = YES;
				CLANG_WARN__DUPLICATE_METHOD_MATCH = YES;
				COPY_PHASE_STRIP = NO;
				DEBUG_INFORMATION_FORMAT = dwarf;
				ENABLE_STRICT_OBJC_MSGSEND = YES;
				ENABLE_TESTABILITY = YES;
				GCC_C_LANGUAGE_STANDARD = gnu11;
				GCC_DYNAMIC_NO_PIC = NO;
				GCC_NO_COMMON_BLOCKS = YES;
				GCC_OPTIMIZATION_LEVEL = 0;
				GCC_PREPROCESSOR_DEFINITIONS = (
					"DEBUG=1",
					"$(inherited)",
				);
				GCC_WARN_64_TO_32_BIT_CONVERSION = YES;
				GCC_WARN_ABOUT_RETURN_TYPE = YES_ERROR;
				GCC_WARN_UNDECLARED_SELECTOR = YES;
				GCC_WARN_UNINITIALIZED_AUTOS = YES_AGGRESSIVE;
				GCC_WARN_UNUSED_FUNCTION = YES;
				GCC_WARN_UNUSED_VARIABLE = YES;
				IPHONEOS_DEPLOYMENT_TARGET = 15.0;
				MTL_ENABLE_DEBUG_INFO = INCLUDE_SOURCE;
				MTL_FAST_MATH = YES;
				ONLY_ACTIVE_ARCH = YES;
				SDKROOT = iphoneos;
				SWIFT_ACTIVE_COMPILATION_CONDITIONS = DEBUG;
				SWIFT_OPTIMIZATION_LEVEL = "-Onone";
			};
			name = Debug;
		};
		C0E74AB4271DCC52005CB0DC /* Release */ = {
			isa = XCBuildConfiguration;
			buildSettings = {
				ALWAYS_SEARCH_USER_PATHS = NO;
				CLANG_ANALYZER_NONNULL = YES;
				CLANG_ANALYZER_NUMBER_OBJECT_CONVERSION = YES_AGGRESSIVE;
				CLANG_CXX_LANGUAGE_STANDARD = "gnu++17";
				CLANG_CXX_LIBRARY = "libc++";
				CLANG_ENABLE_MODULES = YES;
				CLANG_ENABLE_OBJC_ARC = YES;
				CLANG_ENABLE_OBJC_WEAK = YES;
				CLANG_WARN_BLOCK_CAPTURE_AUTORELEASING = YES;
				CLANG_WARN_BOOL_CONVERSION = YES;
				CLANG_WARN_COMMA = YES;
				CLANG_WARN_CONSTANT_CONVERSION = YES;
				CLANG_WARN_DEPRECATED_OBJC_IMPLEMENTATIONS = YES;
				CLANG_WARN_DIRECT_OBJC_ISA_USAGE = YES_ERROR;
				CLANG_WARN_DOCUMENTATION_COMMENTS = YES;
				CLANG_WARN_EMPTY_BODY = YES;
				CLANG_WARN_ENUM_CONVERSION = YES;
				CLANG_WARN_INFINITE_RECURSION = YES;
				CLANG_WARN_INT_CONVERSION = YES;
				CLANG_WARN_NON_LITERAL_NULL_CONVERSION = YES;
				CLANG_WARN_OBJC_IMPLICIT_RETAIN_SELF = YES;
				CLANG_WARN_OBJC_LITERAL_CONVERSION = YES;
				CLANG_WARN_OBJC_ROOT_CLASS = YES_ERROR;
				CLANG_WARN_QUOTED_INCLUDE_IN_FRAMEWORK_HEADER = YES;
				CLANG_WARN_RANGE_LOOP_ANALYSIS = YES;
				CLANG_WARN_STRICT_PROTOTYPES = YES;
				CLANG_WARN_SUSPICIOUS_MOVE = YES;
				CLANG_WARN_UNGUARDED_AVAILABILITY = YES_AGGRESSIVE;
				CLANG_WARN_UNREACHABLE_CODE = YES;
				CLANG_WARN__DUPLICATE_METHOD_MATCH = YES;
				COPY_PHASE_STRIP = NO;
				DEBUG_INFORMATION_FORMAT = "dwarf-with-dsym";
				ENABLE_NS_ASSERTIONS = NO;
				ENABLE_STRICT_OBJC_MSGSEND = YES;
				GCC_C_LANGUAGE_STANDARD = gnu11;
				GCC_NO_COMMON_BLOCKS = YES;
				GCC_WARN_64_TO_32_BIT_CONVERSION = YES;
				GCC_WARN_ABOUT_RETURN_TYPE = YES_ERROR;
				GCC_WARN_UNDECLARED_SELECTOR = YES;
				GCC_WARN_UNINITIALIZED_AUTOS = YES_AGGRESSIVE;
				GCC_WARN_UNUSED_FUNCTION = YES;
				GCC_WARN_UNUSED_VARIABLE = YES;
				IPHONEOS_DEPLOYMENT_TARGET = 15.0;
				MTL_ENABLE_DEBUG_INFO = NO;
				MTL_FAST_MATH = YES;
				SDKROOT = iphoneos;
				SWIFT_COMPILATION_MODE = wholemodule;
				SWIFT_OPTIMIZATION_LEVEL = "-O";
				VALIDATE_PRODUCT = YES;
			};
			name = Release;
		};
		C0E74AB6271DCC52005CB0DC /* Debug */ = {
			isa = XCBuildConfiguration;
			buildSettings = {
				ALWAYS_EMBED_SWIFT_STANDARD_LIBRARIES = YES;
				ASSETCATALOG_COMPILER_APPICON_NAME = AppIcon;
				ASSETCATALOG_COMPILER_GLOBAL_ACCENT_COLOR_NAME = AccentColor;
				CODE_SIGN_ENTITLEMENTS = CoffeeBrewAssessmentSwiftUi/CoffeeBrewAssessmentSwiftUi.entitlements;
				CODE_SIGN_STYLE = Automatic;
				CURRENT_PROJECT_VERSION = 1;
				DEVELOPMENT_ASSET_PATHS = "\"CoffeeBrewAssessmentSwiftUi/Preview Content\"";
				DEVELOPMENT_TEAM = 3NASZH28DK;
				ENABLE_PREVIEWS = YES;
				GENERATE_INFOPLIST_FILE = YES;
				INFOPLIST_KEY_UIApplicationSceneManifest_Generation = YES;
				INFOPLIST_KEY_UIApplicationSupportsIndirectInputEvents = YES;
				INFOPLIST_KEY_UILaunchScreen_Generation = YES;
				INFOPLIST_KEY_UISupportedInterfaceOrientations_iPad = "UIInterfaceOrientationPortrait UIInterfaceOrientationPortraitUpsideDown UIInterfaceOrientationLandscapeLeft UIInterfaceOrientationLandscapeRight";
				INFOPLIST_KEY_UISupportedInterfaceOrientations_iPhone = "UIInterfaceOrientationPortrait UIInterfaceOrientationLandscapeLeft UIInterfaceOrientationLandscapeRight";
				IPHONEOS_DEPLOYMENT_TARGET = 14.0;
				LD_RUNPATH_SEARCH_PATHS = (
					"$(inherited)",
					"@executable_path/Frameworks",
				);
				MARKETING_VERSION = 1.0;
				PRODUCT_BUNDLE_IDENTIFIER = clinton.CoffeeBrewAssessmentSwiftUi;
				PRODUCT_NAME = "$(TARGET_NAME)";
				SWIFT_EMIT_LOC_STRINGS = YES;
				SWIFT_VERSION = 5.0;
				TARGETED_DEVICE_FAMILY = "1,2";
			};
			name = Debug;
		};
		C0E74AB7271DCC52005CB0DC /* Release */ = {
			isa = XCBuildConfiguration;
			buildSettings = {
				ALWAYS_EMBED_SWIFT_STANDARD_LIBRARIES = YES;
				ASSETCATALOG_COMPILER_APPICON_NAME = AppIcon;
				ASSETCATALOG_COMPILER_GLOBAL_ACCENT_COLOR_NAME = AccentColor;
				CODE_SIGN_ENTITLEMENTS = CoffeeBrewAssessmentSwiftUi/CoffeeBrewAssessmentSwiftUi.entitlements;
				CODE_SIGN_STYLE = Automatic;
				CURRENT_PROJECT_VERSION = 1;
				DEVELOPMENT_ASSET_PATHS = "\"CoffeeBrewAssessmentSwiftUi/Preview Content\"";
				DEVELOPMENT_TEAM = 3NASZH28DK;
				ENABLE_PREVIEWS = YES;
				GENERATE_INFOPLIST_FILE = YES;
				INFOPLIST_KEY_UIApplicationSceneManifest_Generation = YES;
				INFOPLIST_KEY_UIApplicationSupportsIndirectInputEvents = YES;
				INFOPLIST_KEY_UILaunchScreen_Generation = YES;
				INFOPLIST_KEY_UISupportedInterfaceOrientations_iPad = "UIInterfaceOrientationPortrait UIInterfaceOrientationPortraitUpsideDown UIInterfaceOrientationLandscapeLeft UIInterfaceOrientationLandscapeRight";
				INFOPLIST_KEY_UISupportedInterfaceOrientations_iPhone = "UIInterfaceOrientationPortrait UIInterfaceOrientationLandscapeLeft UIInterfaceOrientationLandscapeRight";
				IPHONEOS_DEPLOYMENT_TARGET = 14.0;
				LD_RUNPATH_SEARCH_PATHS = (
					"$(inherited)",
					"@executable_path/Frameworks",
				);
				MARKETING_VERSION = 1.0;
				PRODUCT_BUNDLE_IDENTIFIER = clinton.CoffeeBrewAssessmentSwiftUi;
				PRODUCT_NAME = "$(TARGET_NAME)";
				SWIFT_EMIT_LOC_STRINGS = YES;
				SWIFT_VERSION = 5.0;
				TARGETED_DEVICE_FAMILY = "1,2";
			};
			name = Release;
		};
/* End XCBuildConfiguration section */

/* Begin XCConfigurationList section */
		AD8ACE67272B3D3400DF18B3 /* Build configuration list for PBXNativeTarget "MyOrderExtension" */ = {
			isa = XCConfigurationList;
			buildConfigurations = (
				AD8ACE68272B3D3400DF18B3 /* Debug */,
				AD8ACE69272B3D3400DF18B3 /* Release */,
			);
			defaultConfigurationIsVisible = 0;
			defaultConfigurationName = Release;
		};
		C0E74AA2271DCC4E005CB0DC /* Build configuration list for PBXProject "CoffeeBrewAssessmentSwiftUi" */ = {
			isa = XCConfigurationList;
			buildConfigurations = (
				C0E74AB3271DCC52005CB0DC /* Debug */,
				C0E74AB4271DCC52005CB0DC /* Release */,
			);
			defaultConfigurationIsVisible = 0;
			defaultConfigurationName = Release;
		};
		C0E74AB5271DCC52005CB0DC /* Build configuration list for PBXNativeTarget "CoffeeBrewAssessmentSwiftUi" */ = {
			isa = XCConfigurationList;
			buildConfigurations = (
				C0E74AB6271DCC52005CB0DC /* Debug */,
				C0E74AB7271DCC52005CB0DC /* Release */,
			);
			defaultConfigurationIsVisible = 0;
			defaultConfigurationName = Release;
		};
/* End XCConfigurationList section */
	};
	rootObject = C0E74A9F271DCC4E005CB0DC /* Project object */;
}
