// !$*UTF8*$!
{
	archiveVersion = 1;
	classes = {
	};
	objectVersion = 55;
	objects = {

/* Begin PBXBuildFile section */
		ADF7D0E2271E220500DE1A58 /* CoffeesView.swift in Sources */ = {isa = PBXBuildFile; fileRef = ADF7D0E1271E220500DE1A58 /* CoffeesView.swift */; };
		ADF7D0E4271E225800DE1A58 /* SizesView.swift in Sources */ = {isa = PBXBuildFile; fileRef = ADF7D0E3271E225800DE1A58 /* SizesView.swift */; };
		ADF7D0E6271E22A000DE1A58 /* HomeView.swift in Sources */ = {isa = PBXBuildFile; fileRef = ADF7D0E5271E22A000DE1A58 /* HomeView.swift */; };
		ADF7D0E8271E22C600DE1A58 /* CoffeeView.swift in Sources */ = {isa = PBXBuildFile; fileRef = ADF7D0E7271E22C600DE1A58 /* CoffeeView.swift */; };
		ADF7D0EA271E230C00DE1A58 /* SizeView.swift in Sources */ = {isa = PBXBuildFile; fileRef = ADF7D0E9271E230C00DE1A58 /* SizeView.swift */; };
		C0E74AAB271DCC4E005CB0DC /* CoffeeBrewAssessmentSwiftUiApp.swift in Sources */ = {isa = PBXBuildFile; fileRef = C0E74AAA271DCC4E005CB0DC /* CoffeeBrewAssessmentSwiftUiApp.swift */; };
		C0E74AAD271DCC4E005CB0DC /* ContentView.swift in Sources */ = {isa = PBXBuildFile; fileRef = C0E74AAC271DCC4E005CB0DC /* ContentView.swift */; };
		C0E74AAF271DCC52005CB0DC /* Assets.xcassets in Resources */ = {isa = PBXBuildFile; fileRef = C0E74AAE271DCC52005CB0DC /* Assets.xcassets */; };
		C0E74AB2271DCC52005CB0DC /* Preview Assets.xcassets in Resources */ = {isa = PBXBuildFile; fileRef = C0E74AB1271DCC52005CB0DC /* Preview Assets.xcassets */; };
/* End PBXBuildFile section */

/* Begin PBXFileReference section */
		ADF7D0E1271E220500DE1A58 /* CoffeesView.swift */ = {isa = PBXFileReference; lastKnownFileType = sourcecode.swift; path = CoffeesView.swift; sourceTree = "<group>"; };
		ADF7D0E3271E225800DE1A58 /* SizesView.swift */ = {isa = PBXFileReference; lastKnownFileType = sourcecode.swift; path = SizesView.swift; sourceTree = "<group>"; };
		ADF7D0E5271E22A000DE1A58 /* HomeView.swift */ = {isa = PBXFileReference; lastKnownFileType = sourcecode.swift; path = HomeView.swift; sourceTree = "<group>"; };
		ADF7D0E7271E22C600DE1A58 /* CoffeeView.swift */ = {isa = PBXFileReference; lastKnownFileType = sourcecode.swift; path = CoffeeView.swift; sourceTree = "<group>"; };
		ADF7D0E9271E230C00DE1A58 /* SizeView.swift */ = {isa = PBXFileReference; lastKnownFileType = sourcecode.swift; path = SizeView.swift; sourceTree = "<group>"; };
		C0E74AA7271DCC4E005CB0DC /* CoffeeBrewAssessmentSwiftUi.app */ = {isa = PBXFileReference; explicitFileType = wrapper.application; includeInIndex = 0; path = CoffeeBrewAssessmentSwiftUi.app; sourceTree = BUILT_PRODUCTS_DIR; };
		C0E74AAA271DCC4E005CB0DC /* CoffeeBrewAssessmentSwiftUiApp.swift */ = {isa = PBXFileReference; lastKnownFileType = sourcecode.swift; path = CoffeeBrewAssessmentSwiftUiApp.swift; sourceTree = "<group>"; };
		C0E74AAC271DCC4E005CB0DC /* ContentView.swift */ = {isa = PBXFileReference; lastKnownFileType = sourcecode.swift; path = ContentView.swift; sourceTree = "<group>"; };
		C0E74AAE271DCC52005CB0DC /* Assets.xcassets */ = {isa = PBXFileReference; lastKnownFileType = folder.assetcatalog; path = Assets.xcassets; sourceTree = "<group>"; };
		C0E74AB1271DCC52005CB0DC /* Preview Assets.xcassets */ = {isa = PBXFileReference; lastKnownFileType = folder.assetcatalog; path = "Preview Assets.xcassets"; sourceTree = "<group>"; };
/* End PBXFileReference section */

/* Begin PBXFrameworksBuildPhase section */
		C0E74AA4271DCC4E005CB0DC /* Frameworks */ = {
			isa = PBXFrameworksBuildPhase;
			buildActionMask = 2147483647;
			files = (
			);
			runOnlyForDeploymentPostprocessing = 0;
		};
/* End PBXFrameworksBuildPhase section */

/* Begin PBXGroup section */
		C0E74A9E271DCC4E005CB0DC = {
			isa = PBXGroup;
			children = (
				C0E74AA9271DCC4E005CB0DC /* CoffeeBrewAssessmentSwiftUi */,
				C0E74AA8271DCC4E005CB0DC /* Products */,
			);
			sourceTree = "<group>";
		};
		C0E74AA8271DCC4E005CB0DC /* Products */ = {
			isa = PBXGroup;
			children = (
				C0E74AA7271DCC4E005CB0DC /* CoffeeBrewAssessmentSwiftUi.app */,
			);
			name = Products;
			sourceTree = "<group>";
		};
		C0E74AA9271DCC4E005CB0DC /* CoffeeBrewAssessmentSwiftUi */ = {
			isa = PBXGroup;
			children = (
				C0E74AAA271DCC4E005CB0DC /* CoffeeBrewAssessmentSwiftUiApp.swift */,
				C0E74AAC271DCC4E005CB0DC /* ContentView.swift */,
				ADF7D0E9271E230C00DE1A58 /* SizeView.swift */,
				ADF7D0E7271E22C600DE1A58 /* CoffeeView.swift */,
				ADF7D0E5271E22A000DE1A58 /* HomeView.swift */,
				ADF7D0E3271E225800DE1A58 /* SizesView.swift */,
				ADF7D0E1271E220500DE1A58 /* CoffeesView.swift */,
				C0E74AAE271DCC52005CB0DC /* Assets.xcassets */,
				C0E74AB0271DCC52005CB0DC /* Preview Content */,
			);
			path = CoffeeBrewAssessmentSwiftUi;
			sourceTree = "<group>";
		};
		C0E74AB0271DCC52005CB0DC /* Preview Content */ = {
			isa = PBXGroup;
			children = (
				C0E74AB1271DCC52005CB0DC /* Preview Assets.xcassets */,
			);
			path = "Preview Content";
			sourceTree = "<group>";
		};
/* End PBXGroup section */

/* Begin PBXNativeTarget section */
		C0E74AA6271DCC4E005CB0DC /* CoffeeBrewAssessmentSwiftUi */ = {
			isa = PBXNativeTarget;
			buildConfigurationList = C0E74AB5271DCC52005CB0DC /* Build configuration list for PBXNativeTarget "CoffeeBrewAssessmentSwiftUi" */;
			buildPhases = (
				C0E74AA3271DCC4E005CB0DC /* Sources */,
				C0E74AA4271DCC4E005CB0DC /* Frameworks */,
				C0E74AA5271DCC4E005CB0DC /* Resources */,
			);
			buildRules = (
			);
			dependencies = (
			);
			name = CoffeeBrewAssessmentSwiftUi;
			productName = CoffeeBrewAssessmentSwiftUi;
			productReference = C0E74AA7271DCC4E005CB0DC /* CoffeeBrewAssessmentSwiftUi.app */;
			productType = "com.apple.product-type.application";
		};
/* End PBXNativeTarget section */

/* Begin PBXProject section */
		C0E74A9F271DCC4E005CB0DC /* Project object */ = {
			isa = PBXProject;
			attributes = {
				BuildIndependentTargetsInParallel = 1;
				LastSwiftUpdateCheck = 1300;
				LastUpgradeCheck = 1300;
				TargetAttributes = {
					C0E74AA6271DCC4E005CB0DC = {
						CreatedOnToolsVersion = 13.0;
					};
				};
			};
			buildConfigurationList = C0E74AA2271DCC4E005CB0DC /* Build configuration list for PBXProject "CoffeeBrewAssessmentSwiftUi" */;
			compatibilityVersion = "Xcode 13.0";
			developmentRegion = en;
			hasScannedForEncodings = 0;
			knownRegions = (
				en,
				Base,
			);
			mainGroup = C0E74A9E271DCC4E005CB0DC;
			productRefGroup = C0E74AA8271DCC4E005CB0DC /* Products */;
			projectDirPath = "";
			projectRoot = "";
			targets = (
				C0E74AA6271DCC4E005CB0DC /* CoffeeBrewAssessmentSwiftUi */,
			);
		};
/* End PBXProject section */

/* Begin PBXResourcesBuildPhase section */
		C0E74AA5271DCC4E005CB0DC /* Resources */ = {
			isa = PBXResourcesBuildPhase;
			buildActionMask = 2147483647;
			files = (
				C0E74AB2271DCC52005CB0DC /* Preview Assets.xcassets in Resources */,
				C0E74AAF271DCC52005CB0DC /* Assets.xcassets in Resources */,
			);
			runOnlyForDeploymentPostprocessing = 0;
		};
/* End PBXResourcesBuildPhase section */

/* Begin PBXSourcesBuildPhase section */
		C0E74AA3271DCC4E005CB0DC /* Sources */ = {
			isa = PBXSourcesBuildPhase;
			buildActionMask = 2147483647;
			files = (
				C0E74AAD271DCC4E005CB0DC /* ContentView.swift in Sources */,
				ADF7D0E2271E220500DE1A58 /* CoffeesView.swift in Sources */,
				ADF7D0E8271E22C600DE1A58 /* CoffeeView.swift in Sources */,
				ADF7D0EA271E230C00DE1A58 /* SizeView.swift in Sources */,
				C0E74AAB271DCC4E005CB0DC /* CoffeeBrewAssessmentSwiftUiApp.swift in Sources */,
				ADF7D0E6271E22A000DE1A58 /* HomeView.swift in Sources */,
				ADF7D0E4271E225800DE1A58 /* SizesView.swift in Sources */,
			);
			runOnlyForDeploymentPostprocessing = 0;
		};
/* End PBXSourcesBuildPhase section */

/* Begin XCBuildConfiguration section */
		C0E74AB3271DCC52005CB0DC /* Debug */ = {
			isa = XCBuildConfiguration;
			buildSettings = {
				ALWAYS_SEARCH_USER_PATHS = NO;
				CLANG_ANALYZER_NONNULL = YES;
				CLANG_ANALYZER_NUMBER_OBJECT_CONVERSION = YES_AGGRESSIVE;
				CLANG_CXX_LANGUAGE_STANDARD = "gnu++17";
				CLANG_CXX_LIBRARY = "libc++";
				CLANG_ENABLE_MODULES = YES;
				CLANG_ENABLE_OBJC_ARC = YES;
				CLANG_ENABLE_OBJC_WEAK = YES;
				CLANG_WARN_BLOCK_CAPTURE_AUTORELEASING = YES;
				CLANG_WARN_BOOL_CONVERSION = YES;
				CLANG_WARN_COMMA = YES;
				CLANG_WARN_CONSTANT_CONVERSION = YES;
				CLANG_WARN_DEPRECATED_OBJC_IMPLEMENTATIONS = YES;
				CLANG_WARN_DIRECT_OBJC_ISA_USAGE = YES_ERROR;
				CLANG_WARN_DOCUMENTATION_COMMENTS = YES;
				CLANG_WARN_EMPTY_BODY = YES;
				CLANG_WARN_ENUM_CONVERSION = YES;
				CLANG_WARN_INFINITE_RECURSION = YES;
				CLANG_WARN_INT_CONVERSION = YES;
				CLANG_WARN_NON_LITERAL_NULL_CONVERSION = YES;
				CLANG_WARN_OBJC_IMPLICIT_RETAIN_SELF = YES;
				CLANG_WARN_OBJC_LITERAL_CONVERSION = YES;
				CLANG_WARN_OBJC_ROOT_CLASS = YES_ERROR;
				CLANG_WARN_QUOTED_INCLUDE_IN_FRAMEWORK_HEADER = YES;
				CLANG_WARN_RANGE_LOOP_ANALYSIS = YES;
				CLANG_WARN_STRICT_PROTOTYPES = YES;
				CLANG_WARN_SUSPICIOUS_MOVE = YES;
				CLANG_WARN_UNGUARDED_AVAILABILITY = YES_AGGRESSIVE;
				CLANG_WARN_UNREACHABLE_CODE = YES;
				CLANG_WARN__DUPLICATE_METHOD_MATCH = YES;
				COPY_PHASE_STRIP = NO;
				DEBUG_INFORMATION_FORMAT = dwarf;
				ENABLE_STRICT_OBJC_MSGSEND = YES;
				ENABLE_TESTABILITY = YES;
				GCC_C_LANGUAGE_STANDARD = gnu11;
				GCC_DYNAMIC_NO_PIC = NO;
				GCC_NO_COMMON_BLOCKS = YES;
				GCC_OPTIMIZATION_LEVEL = 0;
				GCC_PREPROCESSOR_DEFINITIONS = (
					"DEBUG=1",
					"$(inherited)",
				);
				GCC_WARN_64_TO_32_BIT_CONVERSION = YES;
				GCC_WARN_ABOUT_RETURN_TYPE = YES_ERROR;
				GCC_WARN_UNDECLARED_SELECTOR = YES;
				GCC_WARN_UNINITIALIZED_AUTOS = YES_AGGRESSIVE;
				GCC_WARN_UNUSED_FUNCTION = YES;
				GCC_WARN_UNUSED_VARIABLE = YES;
				IPHONEOS_DEPLOYMENT_TARGET = 15.0;
				MTL_ENABLE_DEBUG_INFO = INCLUDE_SOURCE;
				MTL_FAST_MATH = YES;
				ONLY_ACTIVE_ARCH = YES;
				SDKROOT = iphoneos;
				SWIFT_ACTIVE_COMPILATION_CONDITIONS = DEBUG;
				SWIFT_OPTIMIZATION_LEVEL = "-Onone";
			};
			name = Debug;
		};
		C0E74AB4271DCC52005CB0DC /* Release */ = {
			isa = XCBuildConfiguration;
			buildSettings = {
				ALWAYS_SEARCH_USER_PATHS = NO;
				CLANG_ANALYZER_NONNULL = YES;
				CLANG_ANALYZER_NUMBER_OBJECT_CONVERSION = YES_AGGRESSIVE;
				CLANG_CXX_LANGUAGE_STANDARD = "gnu++17";
				CLANG_CXX_LIBRARY = "libc++";
				CLANG_ENABLE_MODULES = YES;
				CLANG_ENABLE_OBJC_ARC = YES;
				CLANG_ENABLE_OBJC_WEAK = YES;
				CLANG_WARN_BLOCK_CAPTURE_AUTORELEASING = YES;
				CLANG_WARN_BOOL_CONVERSION = YES;
				CLANG_WARN_COMMA = YES;
				CLANG_WARN_CONSTANT_CONVERSION = YES;
				CLANG_WARN_DEPRECATED_OBJC_IMPLEMENTATIONS = YES;
				CLANG_WARN_DIRECT_OBJC_ISA_USAGE = YES_ERROR;
				CLANG_WARN_DOCUMENTATION_COMMENTS = YES;
				CLANG_WARN_EMPTY_BODY = YES;
				CLANG_WARN_ENUM_CONVERSION = YES;
				CLANG_WARN_INFINITE_RECURSION = YES;
				CLANG_WARN_INT_CONVERSION = YES;
				CLANG_WARN_NON_LITERAL_NULL_CONVERSION = YES;
				CLANG_WARN_OBJC_IMPLICIT_RETAIN_SELF = YES;
				CLANG_WARN_OBJC_LITERAL_CONVERSION = YES;
				CLANG_WARN_OBJC_ROOT_CLASS = YES_ERROR;
				CLANG_WARN_QUOTED_INCLUDE_IN_FRAMEWORK_HEADER = YES;
				CLANG_WARN_RANGE_LOOP_ANALYSIS = YES;
				CLANG_WARN_STRICT_PROTOTYPES = YES;
				CLANG_WARN_SUSPICIOUS_MOVE = YES;
				CLANG_WARN_UNGUARDED_AVAILABILITY = YES_AGGRESSIVE;
				CLANG_WARN_UNREACHABLE_CODE = YES;
				CLANG_WARN__DUPLICATE_METHOD_MATCH = YES;
				COPY_PHASE_STRIP = NO;
				DEBUG_INFORMATION_FORMAT = "dwarf-with-dsym";
				ENABLE_NS_ASSERTIONS = NO;
				ENABLE_STRICT_OBJC_MSGSEND = YES;
				GCC_C_LANGUAGE_STANDARD = gnu11;
				GCC_NO_COMMON_BLOCKS = YES;
				GCC_WARN_64_TO_32_BIT_CONVERSION = YES;
				GCC_WARN_ABOUT_RETURN_TYPE = YES_ERROR;
				GCC_WARN_UNDECLARED_SELECTOR = YES;
				GCC_WARN_UNINITIALIZED_AUTOS = YES_AGGRESSIVE;
				GCC_WARN_UNUSED_FUNCTION = YES;
				GCC_WARN_UNUSED_VARIABLE = YES;
				IPHONEOS_DEPLOYMENT_TARGET = 15.0;
				MTL_ENABLE_DEBUG_INFO = NO;
				MTL_FAST_MATH = YES;
				SDKROOT = iphoneos;
				SWIFT_COMPILATION_MODE = wholemodule;
				SWIFT_OPTIMIZATION_LEVEL = "-O";
				VALIDATE_PRODUCT = YES;
			};
			name = Release;
		};
		C0E74AB6271DCC52005CB0DC /* Debug */ = {
			isa = XCBuildConfiguration;
			buildSettings = {
				ASSETCATALOG_COMPILER_APPICON_NAME = AppIcon;
				ASSETCATALOG_COMPILER_GLOBAL_ACCENT_COLOR_NAME = AccentColor;
				CODE_SIGN_STYLE = Automatic;
				CURRENT_PROJECT_VERSION = 1;
				DEVELOPMENT_ASSET_PATHS = "\"CoffeeBrewAssessmentSwiftUi/Preview Content\"";
				DEVELOPMENT_TEAM = 3NASZH28DK;
				ENABLE_PREVIEWS = YES;
				GENERATE_INFOPLIST_FILE = YES;
				INFOPLIST_KEY_UIApplicationSceneManifest_Generation = YES;
				INFOPLIST_KEY_UIApplicationSupportsIndirectInputEvents = YES;
				INFOPLIST_KEY_UILaunchScreen_Generation = YES;
				INFOPLIST_KEY_UISupportedInterfaceOrientations_iPad = "UIInterfaceOrientationPortrait UIInterfaceOrientationPortraitUpsideDown UIInterfaceOrientationLandscapeLeft UIInterfaceOrientationLandscapeRight";
				INFOPLIST_KEY_UISupportedInterfaceOrientations_iPhone = "UIInterfaceOrientationPortrait UIInterfaceOrientationLandscapeLeft UIInterfaceOrientationLandscapeRight";
				IPHONEOS_DEPLOYMENT_TARGET = 14.0;
				LD_RUNPATH_SEARCH_PATHS = (
					"$(inherited)",
					"@executable_path/Frameworks",
				);
				MARKETING_VERSION = 1.0;
				PRODUCT_BUNDLE_IDENTIFIER = clinton.CoffeeBrewAssessmentSwiftUi;
				PRODUCT_NAME = "$(TARGET_NAME)";
				SWIFT_EMIT_LOC_STRINGS = YES;
				SWIFT_VERSION = 5.0;
				TARGETED_DEVICE_FAMILY = "1,2";
			};
			name = Debug;
		};
		C0E74AB7271DCC52005CB0DC /* Release */ = {
			isa = XCBuildConfiguration;
			buildSettings = {
				ASSETCATALOG_COMPILER_APPICON_NAME = AppIcon;
				ASSETCATALOG_COMPILER_GLOBAL_ACCENT_COLOR_NAME = AccentColor;
				CODE_SIGN_STYLE = Automatic;
				CURRENT_PROJECT_VERSION = 1;
				DEVELOPMENT_ASSET_PATHS = "\"CoffeeBrewAssessmentSwiftUi/Preview Content\"";
				DEVELOPMENT_TEAM = 3NASZH28DK;
				ENABLE_PREVIEWS = YES;
				GENERATE_INFOPLIST_FILE = YES;
				INFOPLIST_KEY_UIApplicationSceneManifest_Generation = YES;
				INFOPLIST_KEY_UIApplicationSupportsIndirectInputEvents = YES;
				INFOPLIST_KEY_UILaunchScreen_Generation = YES;
				INFOPLIST_KEY_UISupportedInterfaceOrientations_iPad = "UIInterfaceOrientationPortrait UIInterfaceOrientationPortraitUpsideDown UIInterfaceOrientationLandscapeLeft UIInterfaceOrientationLandscapeRight";
				INFOPLIST_KEY_UISupportedInterfaceOrientations_iPhone = "UIInterfaceOrientationPortrait UIInterfaceOrientationLandscapeLeft UIInterfaceOrientationLandscapeRight";
				IPHONEOS_DEPLOYMENT_TARGET = 14.0;
				LD_RUNPATH_SEARCH_PATHS = (
					"$(inherited)",
					"@executable_path/Frameworks",
				);
				MARKETING_VERSION = 1.0;
				PRODUCT_BUNDLE_IDENTIFIER = clinton.CoffeeBrewAssessmentSwiftUi;
				PRODUCT_NAME = "$(TARGET_NAME)";
				SWIFT_EMIT_LOC_STRINGS = YES;
				SWIFT_VERSION = 5.0;
				TARGETED_DEVICE_FAMILY = "1,2";
			};
			name = Release;
		};
/* End XCBuildConfiguration section */

/* Begin XCConfigurationList section */
		C0E74AA2271DCC4E005CB0DC /* Build configuration list for PBXProject "CoffeeBrewAssessmentSwiftUi" */ = {
			isa = XCConfigurationList;
			buildConfigurations = (
				C0E74AB3271DCC52005CB0DC /* Debug */,
				C0E74AB4271DCC52005CB0DC /* Release */,
			);
			defaultConfigurationIsVisible = 0;
			defaultConfigurationName = Release;
		};
		C0E74AB5271DCC52005CB0DC /* Build configuration list for PBXNativeTarget "CoffeeBrewAssessmentSwiftUi" */ = {
			isa = XCConfigurationList;
			buildConfigurations = (
				C0E74AB6271DCC52005CB0DC /* Debug */,
				C0E74AB7271DCC52005CB0DC /* Release */,
			);
			defaultConfigurationIsVisible = 0;
			defaultConfigurationName = Release;
		};
/* End XCConfigurationList section */
	};
	rootObject = C0E74A9F271DCC4E005CB0DC /* Project object */;
}
